{
  "name": "@wireless-sgx/piece-wireless-sgx",
  "version": "0.1.0",
  "lockfileVersion": 3,
  "requires": true,
  "packages": {
    "": {
      "name": "@wireless-sgx/piece-wireless-sgx",
      "version": "0.1.0",
      "license": "MIT",
      "devDependencies": {
        "@activepieces/pieces-framework": "0.32.0",
        "@types/node": "22.19.15",
        "typescript": "5.9.3"
      },
      "peerDependencies": {
        "@activepieces/pieces-framework": ">=0.32.0 <0.41.0"
      },
      "peerDependenciesMeta": {
        "@activepieces/pieces-framework": {
          "optional": true
        }
      }
    },
    "node_modules/@activepieces/pieces-framework": {
      "version": "0.32.0",
      "resolved": "https://registry.npmjs.org/@activepieces/pieces-framework/-/pieces-framework-0.32.0.tgz",
      "integrity": "sha512-sAJRjGEKbdqBXHP9eiffm3CM3iijt355gh6aDvhnh4/wa0T10W0I5dtXbQpkbMdIsY5ZpeNV092C8+k94nMyEA==",
      "dev": true,
      "dependencies": {
        "@activepieces/shared": "0.95.1",
        "ai": "6.0.0",
        "semver": "7.6.0",
        "tslib": "2.6.2",
        "zod": "4.3.6"
      }
    },
    "node_modules/@activepieces/shared": {
      "version": "0.95.1",
      "resolved": "https://registry.npmjs.org/@activepieces/shared/-/shared-0.95.1.tgz",
      "integrity": "sha512-rT5El1NkhNTNXMYOIgCcO2JHTUk9gMlwFV1Rkq2cantm/8+zkCToKPQH5oxAqsQ93OhfO93MQA6UQ4KhHasHqA==",
      "dev": true,
      "dependencies": {
        "dayjs": "1.11.9",
        "deepmerge-ts": "7.1.0",
        "expr-eval": "2.0.2",
        "ipaddr.js": "2.3.0",
        "nanoid": "3.3.8",
        "semver": "7.6.0",
        "socket.io-client": "4.8.1",
        "tslib": "2.6.2",
        "zod": "4.3.6"
      }
    },
    "node_modules/@ai-sdk/gateway": {
      "version": "3.0.205",
      "resolved": "https://registry.npmjs.org/@ai-sdk/gateway/-/gateway-3.0.205.tgz",
      "integrity": "sha512-U7B8uzuzqYWghg+w4P06fOtXYinbDB3AwLOr4Pbyo4VerAx5yV62V2FbYuoQFYC8cwzpeYlemA6SO5EkCq3d5w==",
      "dev": true,
      "license": "Apache-2.0",
      "dependencies": {
        "@ai-sdk/provider": "3.0.18",
        "@ai-sdk/provider-utils": "4.0.56",
        "@vercel/oidc": "3.2.0"
      },
      "engines": {
        "node": ">=18"
      },
      "peerDependencies": {
        "zod": "^3.25.76 || ^4.1.8"
      }
    },
    "node_modules/@ai-sdk/provider": {
      "version": "3.0.18",
      "resolved": "https://registry.npmjs.org/@ai-sdk/provider/-/provider-3.0.18.tgz",
      "integrity": "sha512-IpefF5ssZVOZCD4Wu7zxt6PwZoGT2HLVjxpJ10Bjx6EAmRfLYJPjyrfxb0RYDlwvXnDb9nkQ7Do/oJVDuRFzew==",
      "dev": true,
      "license": "Apache-2.0",
      "dependencies": {
        "json-schema": "^0.4.0"
      },
      "engines": {
        "node": ">=18"
      }
    },
    "node_modules/@ai-sdk/provider-utils": {
      "version": "4.0.56",
      "resolved": "https://registry.npmjs.org/@ai-sdk/provider-utils/-/provider-utils-4.0.56.tgz",
      "integrity": "sha512-Svfg3OwsLRqkDDn/lTk6x3Dmrlft+u3Xs2M5YvVqpuDY9sftY125xJ9jnref63W/CrFln0j7Ij3/YgG9WHpOqA==",
      "dev": true,
      "license": "Apache-2.0",
      "dependencies": {
        "@ai-sdk/provider": "3.0.18",
        "@standard-schema/spec": "^1.1.0",
        "eventsource-parser": "^3.0.8",
        "undici": "^6.28.0"
      },
      "engines": {
        "node": ">=18.17"
      },
      "peerDependencies": {
        "zod": "^3.25.76 || ^4.1.8"
      }
    },
    "node_modules/@opentelemetry/api": {
      "version": "1.9.0",
      "resolved": "https://registry.npmjs.org/@opentelemetry/api/-/api-1.9.0.tgz",
      "integrity": "sha512-3giAOQvZiH5F9bMlMiv8+GSPMeqg0dbaeo58/0SlA9sxSqZhnUtxzX9/2FzyhS9sWQf5S0GJE0AKBrFqjpeYcg==",
      "dev": true,
      "license": "Apache-2.0",
      "engines": {
        "node": ">=8.0.0"
      }
    },
    "node_modules/@socket.io/component-emitter": {
      "version": "3.1.2",
      "resolved": "https://registry.npmjs.org/@socket.io/component-emitter/-/component-emitter-3.1.2.tgz",
      "integrity": "sha512-9BCxFwvbGg/RsZK9tjXd8s4UcwR0MWeFQ1XEKIQVVvAGJyINdrqKMcTRyLoK8Rse1GjzLV9cwjWV1olXRWEXVA==",
      "dev": true,
      "license": "MIT"
    },
    "node_modules/@standard-schema/spec": {
      "version": "1.1.0",
      "resolved": "https://registry.npmjs.org/@standard-schema/spec/-/spec-1.1.0.tgz",
      "integrity": "sha512-l2aFy5jALhniG5HgqrD6jXLi/rUWrKvqN/qJx6yoJsgKhblVd+iqqU4RCXavm/jPityDo5TCvKMnpjKnOriy0w==",
      "dev": true,
      "license": "MIT"
    },
    "node_modules/@types/node": {
      "version": "22.19.15",
      "resolved": "https://registry.npmjs.org/@types/node/-/node-22.19.15.tgz",
      "integrity": "sha512-F0R/h2+dsy5wJAUe3tAU6oqa2qbWY5TpNfL/RGmo1y38hiyO1w3x2jPtt76wmuaJI4DQnOBu21cNXQ2STIUUWg==",
      "dev": true,
      "license": "MIT",
      "dependencies": {
        "undici-types": "~6.21.0"
      }
    },
    "node_modules/@vercel/oidc": {
      "version": "3.2.0",
      "resolved": "https://registry.npmjs.org/@vercel/oidc/-/oidc-3.2.0.tgz",
      "integrity": "sha512-UycprH3T6n3jH0k44NHMa7pnFHGu/N05MjojYr+Mc6I7obkoLIJujSWwin1pCvdy/eOxrI/l3uDLQsmcrOb4ug==",
      "dev": true,
      "license": "Apache-2.0",
      "engines": {
        "node": ">= 20"
      }
    },
    "node_modules/ai": {
      "version": "6.0.296",
      "resolved": "https://registry.npmjs.org/ai/-/ai-6.0.296.tgz",
      "integrity": "sha512-Kq+aB0zwBm8EnvqKk5Pn0OV+cckh9/qSM5qUblu6uCVB1ddkNzAG/YQPD8PWE/Ryl5ACkBkfASbjl0Y6C+lL+g==",
      "dev": true,
      "license": "Apache-2.0",
      "dependencies": {
        "@ai-sdk/gateway": "3.0.205",
        "@ai-sdk/provider": "3.0.18",
        "@ai-sdk/provider-utils": "4.0.56",
        "@opentelemetry/api": "^1.9.0"
      },
      "engines": {
        "node": ">=18"
      },
      "peerDependencies": {
        "zod": "^3.25.76 || ^4.1.8"
      }
    },
    "node_modules/dayjs": {
      "version": "1.11.9",
      "resolved": "https://registry.npmjs.org/dayjs/-/dayjs-1.11.9.tgz",
      "integrity": "sha512-QvzAURSbQ0pKdIye2txOzNaHmxtUBXerpY0FJsFXUMKbIZeFm5ht1LS/jFsrncjnmtv8HsG0W2g6c0zUjZWmpA==",
      "dev": true,
      "license": "MIT"
    },
    "node_modules/debug": {
      "version": "4.4.3",
      "resolved": "https://registry.npmjs.org/debug/-/debug-4.4.3.tgz",
      "integrity": "sha512-RGwwWnwQvkVfavKVt22FGLw+xYSdzARwm0ru6DhTVA3umU5hZc28V3kO4stgYryrTlLpuvgI9GiijltAjNbcqA==",
      "dev": true,
      "license": "MIT",
      "dependencies": {
        "ms": "^2.1.3"
      },
      "engines": {
        "node": ">=6.0"
      },
      "peerDependenciesMeta": {
        "supports-color": {
          "optional": true
        }
      }
    },
    "node_modules/deepmerge-ts": {
      "version": "8.0.2",
      "resolved": "https://registry.npmjs.org/deepmerge-ts/-/deepmerge-ts-8.0.2.tgz",
      "integrity": "sha512-uqbvqLUMrc6p0MO+WBRtTxY55hmyh94WRwI5a++PZe54X+bfVh59FSN7uWCBCW1CCVjzjnrwzfI8zidE2obMMw==",
      "dev": true,
      "funding": [
        {
          "type": "ko-fi",
          "url": "https://ko-fi.com/rebeccastevens"
        },
        {
          "type": "tidelift",
          "url": "https://tidelift.com/funding/github/npm/deepmerge-ts"
        }
      ],
      "license": "BSD-3-Clause",
      "engines": {
        "node": ">=16.9.0"
      }
    },
    "node_modules/engine.io-client": {
      "version": "6.6.7",
      "resolved": "https://registry.npmjs.org/engine.io-client/-/engine.io-client-6.6.7.tgz",
      "integrity": "sha512-GyAvmPA7gnRCpDQbYACAy79Lg4ewevrmaPzySZz0OVvgyZc3gEfLLqPTYk8wVBScjOEpM9ZO4KryyFpVItjGEA==",
      "dev": true,
      "license": "MIT",
      "dependencies": {
        "@socket.io/component-emitter": "~3.1.0",
        "debug": "~4.4.1",
        "engine.io-parser": "~5.2.1",
        "ws": "~8.21.0",
        "xmlhttprequest-ssl": "~2.1.1"
      }
    },
    "node_modules/engine.io-parser": {
      "version": "5.2.3",
      "resolved": "https://registry.npmjs.org/engine.io-parser/-/engine.io-parser-5.2.3.tgz",
      "integrity": "sha512-HqD3yTBfnBxIrbnM1DoD6Pcq8NECnh8d4As1Qgh0z5Gg3jRRIqijury0CL3ghu/edArpUYiYqQiDUQBIs4np3Q==",
      "dev": true,
      "license": "MIT",
      "engines": {
        "node": ">=10.0.0"
      }
    },
    "node_modules/eventsource-parser": {
      "version": "3.1.1",
      "resolved": "https://registry.npmjs.org/eventsource-parser/-/eventsource-parser-3.1.1.tgz",
      "integrity": "sha512-EKN1vKAMcZ8MlYMpaNuxN6R9yakzH6uajHcHVTqWJzvu5pWw9DyhbP35HH8MVBQ+dZjAfDxk+A8NiR9KWaXiyQ==",
      "dev": true,
      "license": "MIT",
      "engines": {
        "node": ">=18.0.0"
      }
    },
    "node_modules/expr-eval": {
      "version": "2.0.2",
      "resolved": "https://registry.npmjs.org/expr-eval/-/expr-eval-2.0.2.tgz",
      "integrity": "sha512-4EMSHGOPSwAfBiibw3ndnP0AvjDWLsMvGOvWEZ2F96IGk0bIVdjQisOHxReSkE13mHcfbuCiXw+G4y0zv6N8Eg==",
      "dev": true,
      "license": "MIT"
    },
    "node_modules/ipaddr.js": {
      "version": "2.3.0",
      "resolved": "https://registry.npmjs.org/ipaddr.js/-/ipaddr.js-2.3.0.tgz",
      "integrity": "sha512-Zv/pA+ciVFbCSBBjGfaKUya/CcGmUHzTydLMaTwrUUEM2DIEO3iZvueGxmacvmN50fGpGVKeTXpb2LcYQxeVdg==",
      "dev": true,
      "license": "MIT",
      "engines": {
        "node": ">= 10"
      }
    },
    "node_modules/json-schema": {
      "version": "0.4.0",
      "resolved": "https://registry.npmjs.org/json-schema/-/json-schema-0.4.0.tgz",
      "integrity": "sha512-es94M3nTIfsEPisRafak+HDLfHXnKBhV3vU5eqPcS3flIWqcxJWgXHXiey3YrpaNsanY5ei1VoYEbOzijuq9BA==",
      "dev": true,
      "license": "(AFL-2.1 OR BSD-3-Clause)"
    },
    "node_modules/lru-cache": {
      "version": "6.0.0",
      "resolved": "https://registry.npmjs.org/lru-cache/-/lru-cache-6.0.0.tgz",
      "integrity": "sha512-Jo6dJ04CmSjuznwJSS3pUeWmd/H0ffTlkXXgwZi+eq1UCmqQwCh+eLsYOYCwY991i2Fah4h1BEMCx4qThGbsiA==",
      "dev": true,
      "license": "ISC",
      "dependencies": {
        "yallist": "^4.0.0"
      },
      "engines": {
        "node": ">=10"
      }
    },
    "node_modules/ms": {
      "version": "2.1.3",
      "resolved": "https://registry.npmjs.org/ms/-/ms-2.1.3.tgz",
      "integrity": "sha512-6FlzubTLZG3J2a/NVCAleEhjzq5oxgHyaCU9yYXvcLsvoVaHJq/s5xXI6/XXP6tz7R9xAOtHnSO/tXtF3WRTlA==",
      "dev": true,
      "license": "MIT"
    },
    "node_modules/nanoid": {
      "version": "3.3.19",
      "resolved": "https://registry.npmjs.org/nanoid/-/nanoid-3.3.19.tgz",
      "integrity": "sha512-Y2tUNy4ouw6tq5oDSKeQYGOyhkUBhNOcGV/02KC+6kd9eDGqdZd++mjMiIDilrBYvjEnCYvVtsuHCuP+okSfug==",
      "dev": true,
      "funding": [
        {
          "type": "github",
          "url": "https://github.com/sponsors/ai"
        }
      ],
      "license": "MIT",
      "bin": {
        "nanoid": "bin/nanoid.cjs"
      },
      "engines": {
        "node": "^10 || ^12 || ^13.7 || ^14 || >=15.0.1"
      }
    },
    "node_modules/semver": {
      "version": "7.6.0",
      "resolved": "https://registry.npmjs.org/semver/-/semver-7.6.0.tgz",
      "integrity": "sha512-EnwXhrlwXMk9gKu5/flx5sv/an57AkRplG3hTK68W7FRDN+k+OWBj65M7719OkA82XLBxrcX0KSHj+X5COhOVg==",
      "dev": true,
      "license": "ISC",
      "dependencies": {
        "lru-cache": "^6.0.0"
      },
      "bin": {
        "semver": "bin/semver.js"
      },
      "engines": {
        "node": ">=10"
      }
    },
    "node_modules/socket.io-client": {
      "version": "4.8.1",
      "resolved": "https://registry.npmjs.org/socket.io-client/-/socket.io-client-4.8.1.tgz",
      "integrity": "sha512-hJVXfu3E28NmzGk8o1sHhN3om52tRvwYeidbj7xKy2eIIse5IoKX3USlS6Tqt3BHAtflLIkCQBkzVrEEfWUyYQ==",
      "dev": true,
      "license": "MIT",
      "dependencies": {
        "@socket.io/component-emitter": "~3.1.0",
        "debug": "~4.3.2",
        "engine.io-client": "~6.6.1",
        "socket.io-parser": "~4.2.4"
      },
      "engines": {
        "node": ">=10.0.0"
      }
    },
    "node_modules/socket.io-client/node_modules/debug": {
      "version": "4.3.7",
      "resolved": "https://registry.npmjs.org/debug/-/debug-4.3.7.tgz",
      "integrity": "sha512-Er2nc/H7RrMXZBFCEim6TCmMk02Z8vLC2Rbi1KEBggpo0fS6l0S1nnapwmIi3yW/+GOJap1Krg4w0Hg80oCqgQ==",
      "dev": true,
      "license": "MIT",
      "dependencies": {
        "ms": "^2.1.3"
      },
      "engines": {
        "node": ">=6.0"
      },
      "peerDependenciesMeta": {
        "supports-color": {
          "optional": true
        }
      }
    },
    "node_modules/socket.io-parser": {
      "version": "4.2.7",
      "resolved": "https://registry.npmjs.org/socket.io-parser/-/socket.io-parser-4.2.7.tgz",
      "integrity": "sha512-IH/iSeO9T6gz1KkFleGDWkG9N3dl4jXVYUtMhIqH10Md0ttMer8nUNWiP1DKuNrybD2xBrixLJdCC9J6ECoYkg==",
      "dev": true,
      "license": "MIT",
      "dependencies": {
        "@socket.io/component-emitter": "~3.1.0",
        "debug": "~4.4.1"
      },
      "engines": {
        "node": ">=10.0.0"
      }
    },
    "node_modules/tslib": {
      "version": "2.6.2",
      "resolved": "https://registry.npmjs.org/tslib/-/tslib-2.6.2.tgz",
      "integrity": "sha512-AEYxH93jGFPn/a2iVAwW87VuUIkR1FVUKB77NwMF7nBTDkDrrT/Hpt/IrCJ0QXhW27jTBDcf5ZY7w6RiqTMw2Q==",
      "dev": true,
      "license": "0BSD"
    },
    "node_modules/typescript": {
      "version": "5.9.3",
      "resolved": "https://registry.npmjs.org/typescript/-/typescript-5.9.3.tgz",
      "integrity": "sha512-jl1vZzPDinLr9eUt3J/t7V6FgNEw9QjvBPdysz9KfQDD41fQrC2Y4vKQdiaUpFT4bXlb1RHhLpp8wtm6M5TgSw==",
      "dev": true,
      "license": "Apache-2.0",
      "bin": {
        "tsc": "bin/tsc",
        "tsserver": "bin/tsserver"
      },
      "engines": {
        "node": ">=14.17"
      }
    },
    "node_modules/undici": {
      "version": "6.29.0",
      "resolved": "https://registry.npmjs.org/undici/-/undici-6.29.0.tgz",
      "integrity": "sha512-R+RODBqp6i2pPflGdq+xIOUkl+RNfGgHwoinecKu/JCuf2uO06cOKoDbI2P7Dn6KcswdKwrczbU6IYJ6K8X+wg==",
      "dev": true,
      "license": "MIT",
      "engines": {
        "node": ">=18.17"
      }
    },
    "node_modules/undici-types": {
      "version": "6.21.0",
      "resolved": "https://registry.npmjs.org/undici-types/-/undici-types-6.21.0.tgz",
      "integrity": "sha512-iwDZqg0QAGrg9Rav5H4n0M64c3mkR59cJ6wQp+7C4nI0gsmExaedaYLNO44eT4AtBBwjbTiGPMlt2Md0T9H9JQ==",
      "dev": true,
      "license": "MIT"
    },
    "node_modules/ws": {
      "version": "8.21.3",
      "resolved": "https://registry.npmjs.org/ws/-/ws-8.21.3.tgz",
      "integrity": "sha512-201TZ/kPWxoPr/OKWjquZR1SWKXcvxdH+e1xrx89b3YbmzLMFCLfnaG1HFIgWzJOEWZ7MvpK++odZufgYR50Rw==",
      "dev": true,
      "license": "MIT",
      "engines": {
        "node": ">=10.0.0"
      },
      "peerDependencies": {
        "bufferutil": "^4.0.1",
        "utf-8-validate": ">=5.0.2"
      },
      "peerDependenciesMeta": {
        "bufferutil": {
          "optional": true
        },
        "utf-8-validate": {
          "optional": true
        }
      }
    },
    "node_modules/xmlhttprequest-ssl": {
      "version": "2.1.2",
      "resolved": "https://registry.npmjs.org/xmlhttprequest-ssl/-/xmlhttprequest-ssl-2.1.2.tgz",
      "integrity": "sha512-TEU+nJVUUnA4CYJFLvK5X9AOeH4KvDvhIfm0vV1GaQRtchnG0hgK5p8hw/xjv8cunWYCsiPCSDzObPyhEwq3KQ==",
      "dev": true,
      "engines": {
        "node": ">=0.4.0"
      }
    },
    "node_modules/yallist": {
      "version": "4.0.0",
      "resolved": "https://registry.npmjs.org/yallist/-/yallist-4.0.0.tgz",
      "integrity": "sha512-3wdGidZyq5PB084XLES5TpOSRA3wjXAlIWMhum2kRcv/41Sn2emQ0dycQW4uZXLejwKvg6EsvbdlVL+FYEct7A==",
      "dev": true,
      "license": "ISC"
    },
    "node_modules/zod": {
      "version": "4.3.6",
      "resolved": "https://registry.npmjs.org/zod/-/zod-4.3.6.tgz",
      "integrity": "sha512-rftlrkhHZOcjDwkGlnUtZZkvaPHCsDATp4pGpuOOMDaTdDDXF91wuVDJoWoPsKX/3YPQ5fHuF3STjcYyKr+Qhg==",
      "dev": true,
      "license": "MIT",
      "funding": {
        "url": "https://github.com/sponsors/colinhacks"
      }
    }
  }
}
